// !$*UTF8*$!
{
	archiveVersion = 1;
	classes = {
	};
	objectVersion = 50;
	objects = {

/* Begin PBXBuildFile section */
		BACB9A8A2860915F00279429 /* AppDelegate.swift in Sources */ = {isa = PBXBuildFile; fileRef = BACB9A892860915F00279429 /* AppDelegate.swift */; };
		BACB9A8C2860915F00279429 /* SceneDelegate.swift in Sources */ = {isa = PBXBuildFile; fileRef = BACB9A8B2860915F00279429 /* SceneDelegate.swift */; };
		BACB9A8E2860915F00279429 /* ViewController.swift in Sources */ = {isa = PBXBuildFile; fileRef = BACB9A8D2860915F00279429 /* ViewController.swift */; };
		BACB9A912860915F00279429 /* Main.storyboard in Resources */ = {isa = PBXBuildFile; fileRef = BACB9A8F2860915F00279429 /* Main.storyboard */; };
		BACB9A932860916300279429 /* Assets.xcassets in Resources */ = {isa = PBXBuildFile; fileRef = BACB9A922860916300279429 /* Assets.xcassets */; };
		BACB9A962860916300279429 /* LaunchScreen.storyboard in Resources */ = {isa = PBXBuildFile; fileRef = BACB9A942860916300279429 /* LaunchScreen.storyboard */; };
		BACB9A9E2860917600279429 /* CepService.swift in Sources */ = {isa = PBXBuildFile; fileRef = BACB9A9D2860917600279429 /* CepService.swift */; };
		BACB9AA02860940E00279429 /* Endereco.swift in Sources */ = {isa = PBXBuildFile; fileRef = BACB9A9F2860940E00279429 /* Endereco.swift */; };
/* End PBXBuildFile section */

/* Begin PBXFileReference section */
		BACB9A862860915F00279429 /* CepAqui.app */ = {isa = PBXFileReference; explicitFileType = wrapper.application; includeInIndex = 0; path = CepAqui.app; sourceTree = BUILT_PRODUCTS_DIR; };
		BACB9A892860915F00279429 /* AppDelegate.swift */ = {isa = PBXFileReference; lastKnownFileType = sourcecode.swift; path = AppDelegate.swift; sourceTree = "<group>"; };
		BACB9A8B2860915F00279429 /* SceneDelegate.swift */ = {isa = PBXFileReference; lastKnownFileType = sourcecode.swift; path = SceneDelegate.swift; sourceTree = "<group>"; };
		BACB9A8D2860915F00279429 /* ViewController.swift */ = {isa = PBXFileReference; lastKnownFileType = sourcecode.swift; path = ViewController.swift; sourceTree = "<group>"; };
		BACB9A902860915F00279429 /* Base */ = {isa = PBXFileReference; lastKnownFileType = file.storyboard; name = Base; path = Base.lproj/Main.storyboard; sourceTree = "<group>"; };
		BACB9A922860916300279429 /* Assets.xcassets */ = {isa = PBXFileReference; lastKnownFileType = folder.assetcatalog; path = Assets.xcassets; sourceTree = "<group>"; };
		BACB9A952860916300279429 /* Base */ = {isa = PBXFileReference; lastKnownFileType = file.storyboard; name = Base; path = Base.lproj/LaunchScreen.storyboard; sourceTree = "<group>"; };
		BACB9A972860916300279429 /* Info.plist */ = {isa = PBXFileReference; lastKnownFileType = text.plist.xml; path = Info.plist; sourceTree = "<group>"; };
		BACB9A9D2860917600279429 /* CepService.swift */ = {isa = PBXFileReference; lastKnownFileType = sourcecode.swift; name = CepService.swift; path = ../../CepService.swift; sourceTree = "<group>"; };
		BACB9A9F2860940E00279429 /* Endereco.swift */ = {isa = PBXFileReference; lastKnownFileType = sourcecode.swift; path = Endereco.swift; sourceTree = "<group>"; };
/* End PBXFileReference section */

/* Begin PBXFrameworksBuildPhase section */
		BACB9A832860915F00279429 /* Frameworks */ = {
			isa = PBXFrameworksBuildPhase;
			buildActionMask = 2147483647;
			files = (
			);
			runOnlyForDeploymentPostprocessing = 0;
		};
/* End PBXFrameworksBuildPhase section */

/* Begin PBXGroup section */
		BACB9A7D2860915F00279429 = {
			isa = PBXGroup;
			children = (
				BACB9A882860915F00279429 /* CepAqui */,
				BACB9A872860915F00279429 /* Products */,
			);
			sourceTree = "<group>";
		};
		BACB9A872860915F00279429 /* Products */ = {
			isa = PBXGroup;
			children = (
				BACB9A862860915F00279429 /* CepAqui.app */,
			);
			name = Products;
			sourceTree = "<group>";
		};
		BACB9A882860915F00279429 /* CepAqui */ = {
			isa = PBXGroup;
			children = (
				BACB9A892860915F00279429 /* AppDelegate.swift */,
				BACB9A8B2860915F00279429 /* SceneDelegate.swift */,
				BACB9A8D2860915F00279429 /* ViewController.swift */,
				BACB9A8F2860915F00279429 /* Main.storyboard */,
				BACB9A922860916300279429 /* Assets.xcassets */,
				BACB9A942860916300279429 /* LaunchScreen.storyboard */,
				BACB9A972860916300279429 /* Info.plist */,
				BACB9A9D2860917600279429 /* CepService.swift */,
				BACB9A9F2860940E00279429 /* Endereco.swift */,
			);
			path = CepAqui;
			sourceTree = "<group>";
		};
/* End PBXGroup section */

/* Begin PBXNativeTarget section */
		BACB9A852860915F00279429 /* CepAqui */ = {
			isa = PBXNativeTarget;
			buildConfigurationList = BACB9A9A2860916300279429 /* Build configuration list for PBXNativeTarget "CepAqui" */;
			buildPhases = (
				BACB9A822860915F00279429 /* Sources */,
				BACB9A832860915F00279429 /* Frameworks */,
				BACB9A842860915F00279429 /* Resources */,
			);
			buildRules = (
			);
			dependencies = (
			);
			name = CepAqui;
			productName = CepAqui;
			productReference = BACB9A862860915F00279429 /* CepAqui.app */;
			productType = "com.apple.product-type.application";
		};
/* End PBXNativeTarget section */

/* Begin PBXProject section */
		BACB9A7E2860915F00279429 /* Project object */ = {
			isa = PBXProject;
			attributes = {
				LastSwiftUpdateCheck = 1250;
				LastUpgradeCheck = 1250;
				TargetAttributes = {
					BACB9A852860915F00279429 = {
						CreatedOnToolsVersion = 12.5.1;
					};
				};
			};
			buildConfigurationList = BACB9A812860915F00279429 /* Build configuration list for PBXProject "CepAqui" */;
			compatibilityVersion = "Xcode 9.3";
			developmentRegion = en;
			hasScannedForEncodings = 0;
			knownRegions = (
				en,
				Base,
			);
			mainGroup = BACB9A7D2860915F00279429;
			productRefGroup = BACB9A872860915F00279429 /* Products */;
			projectDirPath = "";
			projectRoot = "";
			targets = (
				BACB9A852860915F00279429 /* CepAqui */,
			);
		};
/* End PBXProject section */

/* Begin PBXResourcesBuildPhase section */
		BACB9A842860915F00279429 /* Resources */ = {
			isa = PBXResourcesBuildPhase;
			buildActionMask = 2147483647;
			files = (
				BACB9A962860916300279429 /* LaunchScreen.storyboard in Resources */,
				BACB9A932860916300279429 /* Assets.xcassets in Resources */,
				BACB9A912860915F00279429 /* Main.storyboard in Resources */,
			);
			runOnlyForDeploymentPostprocessing = 0;
		};
/* End PBXResourcesBuildPhase section */

/* Begin PBXSourcesBuildPhase section */
		BACB9A822860915F00279429 /* Sources */ = {
			isa = PBXSourcesBuildPhase;
			buildActionMask = 2147483647;
			files = (
				BACB9AA02860940E00279429 /* Endereco.swift in Sources */,
				BACB9A9E2860917600279429 /* CepService.swift in Sources */,
				BACB9A8E2860915F00279429 /* ViewController.swift in Sources */,
				BACB9A8A2860915F00279429 /* AppDelegate.swift in Sources */,
				BACB9A8C2860915F00279429 /* SceneDelegate.swift in Sources */,
			);
			runOnlyForDeploymentPostprocessing = 0;
		};
/* End PBXSourcesBuildPhase section */

/* Begin PBXVariantGroup section */
		BACB9A8F2860915F00279429 /* Main.storyboard */ = {
			isa = PBXVariantGroup;
			children = (
				BACB9A902860915F00279429 /* Base */,
			);
			name = Main.storyboard;
			sourceTree = "<group>";
		};
		BACB9A942860916300279429 /* LaunchScreen.storyboard */ = {
			isa = PBXVariantGroup;
			children = (
				BACB9A952860916300279429 /* Base */,
			);
			name = LaunchScreen.storyboard;
			sourceTree = "<group>";
		};
/* End PBXVariantGroup section */

/* Begin XCBuildConfiguration section */
		BACB9A982860916300279429 /* Debug */ = {
			isa = XCBuildConfiguration;
			buildSettings = {
				ALWAYS_SEARCH_USER_PATHS = NO;
				CLANG_ANALYZER_NONNULL = YES;
				CLANG_ANALYZER_NUMBER_OBJECT_CONVERSION = YES_AGGRESSIVE;
				CLANG_CXX_LANGUAGE_STANDARD = "gnu++14";
				CLANG_CXX_LIBRARY = "libc++";
				CLANG_ENABLE_MODULES = YES;
				CLANG_ENABLE_OBJC_ARC = YES;
				CLANG_ENABLE_OBJC_WEAK = YES;
				CLANG_WARN_BLOCK_CAPTURE_AUTORELEASING = YES;
				CLANG_WARN_BOOL_CONVERSION = YES;
				CLANG_WARN_COMMA = YES;
				CLANG_WARN_CONSTANT_CONVERSION = YES;
				CLANG_WARN_DEPRECATED_OBJC_IMPLEMENTATIONS = YES;
				CLANG_WARN_DIRECT_OBJC_ISA_USAGE = YES_ERROR;
				CLANG_WARN_DOCUMENTATION_COMMENTS = YES;
				CLANG_WARN_EMPTY_BODY = YES;
				CLANG_WARN_ENUM_CONVERSION = YES;
				CLANG_WARN_INFINITE_RECURSION = YES;
				CLANG_WARN_INT_CONVERSION = YES;
				CLANG_WARN_NON_LITERAL_NULL_CONVERSION = YES;
				CLANG_WARN_OBJC_IMPLICIT_RETAIN_SELF = YES;
				CLANG_WARN_OBJC_LITERAL_CONVERSION = YES;
				CLANG_WARN_OBJC_ROOT_CLASS = YES_ERROR;
				CLANG_WARN_QUOTED_INCLUDE_IN_FRAMEWORK_HEADER = YES;
				CLANG_WARN_RANGE_LOOP_ANALYSIS = YES;
				CLANG_WARN_STRICT_PROTOTYPES = YES;
				CLANG_WARN_SUSPICIOUS_MOVE = YES;
				CLANG_WARN_UNGUARDED_AVAILABILITY = YES_AGGRESSIVE;
				CLANG_WARN_UNREACHABLE_CODE = YES;
				CLANG_WARN__DUPLICATE_METHOD_MATCH = YES;
				COPY_PHASE_STRIP = NO;
				DEBUG_INFORMATION_FORMAT = dwarf;
				ENABLE_STRICT_OBJC_MSGSEND = YES;
				ENABLE_TESTABILITY = YES;
				GCC_C_LANGUAGE_STANDARD = gnu11;
				GCC_DYNAMIC_NO_PIC = NO;
				GCC_NO_COMMON_BLOCKS = YES;
				GCC_OPTIMIZATION_LEVEL = 0;
				GCC_PREPROCESSOR_DEFINITIONS = (
					"DEBUG=1",
					"$(inherited)",
				);
				GCC_WARN_64_TO_32_BIT_CONVERSION = YES;
				GCC_WARN_ABOUT_RETURN_TYPE = YES_ERROR;
				GCC_WARN_UNDECLARED_SELECTOR = YES;
				GCC_WARN_UNINITIALIZED_AUTOS = YES_AGGRESSIVE;
				GCC_WARN_UNUSED_FUNCTION = YES;
				GCC_WARN_UNUSED_VARIABLE = YES;
				IPHONEOS_DEPLOYMENT_TARGET = 14.5;
				MTL_ENABLE_DEBUG_INFO = INCLUDE_SOURCE;
				MTL_FAST_MATH = YES;
				ONLY_ACTIVE_ARCH = YES;
				SDKROOT = iphoneos;
				SWIFT_ACTIVE_COMPILATION_CONDITIONS = DEBUG;
				SWIFT_OPTIMIZATION_LEVEL = "-Onone";
			};
			name = Debug;
		};
		BACB9A992860916300279429 /* Release */ = {
			isa = XCBuildConfiguration;
			buildSettings = {
				ALWAYS_SEARCH_USER_PATHS = NO;
				CLANG_ANALYZER_NONNULL = YES;
				CLANG_ANALYZER_NUMBER_OBJECT_CONVERSION = YES_AGGRESSIVE;
				CLANG_CXX_LANGUAGE_STANDARD = "gnu++14";
				CLANG_CXX_LIBRARY = "libc++";
				CLANG_ENABLE_MODULES = YES;
				CLANG_ENABLE_OBJC_ARC = YES;
				CLANG_ENABLE_OBJC_WEAK = YES;
				CLANG_WARN_BLOCK_CAPTURE_AUTORELEASING = YES;
				CLANG_WARN_BOOL_CONVERSION = YES;
				CLANG_WARN_COMMA = YES;
				CLANG_WARN_CONSTANT_CONVERSION = YES;
				CLANG_WARN_DEPRECATED_OBJC_IMPLEMENTATIONS = YES;
				CLANG_WARN_DIRECT_OBJC_ISA_USAGE = YES_ERROR;
				CLANG_WARN_DOCUMENTATION_COMMENTS = YES;
				CLANG_WARN_EMPTY_BODY = YES;
				CLANG_WARN_ENUM_CONVERSION = YES;
				CLANG_WARN_INFINITE_RECURSION = YES;
				CLANG_WARN_INT_CONVERSION = YES;
				CLANG_WARN_NON_LITERAL_NULL_CONVERSION = YES;
				CLANG_WARN_OBJC_IMPLICIT_RETAIN_SELF = YES;
				CLANG_WARN_OBJC_LITERAL_CONVERSION = YES;
				CLANG_WARN_OBJC_ROOT_CLASS = YES_ERROR;
				CLANG_WARN_QUOTED_INCLUDE_IN_FRAMEWORK_HEADER = YES;
				CLANG_WARN_RANGE_LOOP_ANALYSIS = YES;
				CLANG_WARN_STRICT_PROTOTYPES = YES;
				CLANG_WARN_SUSPICIOUS_MOVE = YES;
				CLANG_WARN_UNGUARDED_AVAILABILITY = YES_AGGRESSIVE;
				CLANG_WARN_UNREACHABLE_CODE = YES;
				CLANG_WARN__DUPLICATE_METHOD_MATCH = YES;
				COPY_PHASE_STRIP = NO;
				DEBUG_INFORMATION_FORMAT = "dwarf-with-dsym";
				ENABLE_NS_ASSERTIONS = NO;
				ENABLE_STRICT_OBJC_MSGSEND = YES;
				GCC_C_LANGUAGE_STANDARD = gnu11;
				GCC_NO_COMMON_BLOCKS = YES;
				GCC_WARN_64_TO_32_BIT_CONVERSION = YES;
				GCC_WARN_ABOUT_RETURN_TYPE = YES_ERROR;
				GCC_WARN_UNDECLARED_SELECTOR = YES;
				GCC_WARN_UNINITIALIZED_AUTOS = YES_AGGRESSIVE;
				GCC_WARN_UNUSED_FUNCTION = YES;
				GCC_WARN_UNUSED_VARIABLE = YES;
				IPHONEOS_DEPLOYMENT_TARGET = 14.5;
				MTL_ENABLE_DEBUG_INFO = NO;
				MTL_FAST_MATH = YES;
				SDKROOT = iphoneos;
				SWIFT_COMPILATION_MODE = wholemodule;
				SWIFT_OPTIMIZATION_LEVEL = "-O";
				VALIDATE_PRODUCT = YES;
			};
			name = Release;
		};
		BACB9A9B2860916300279429 /* Debug */ = {
			isa = XCBuildConfiguration;
			buildSettings = {
				ASSETCATALOG_COMPILER_APPICON_NAME = AppIcon;
				ASSETCATALOG_COMPILER_GLOBAL_ACCENT_COLOR_NAME = AccentColor;
				CODE_SIGN_STYLE = Automatic;
				INFOPLIST_FILE = CepAqui/Info.plist;
				LD_RUNPATH_SEARCH_PATHS = (
					"$(inherited)",
					"@executable_path/Frameworks",
				);
				PRODUCT_BUNDLE_IDENTIFIER = com.Mara.CepAqui;
				PRODUCT_NAME = "$(TARGET_NAME)";
				SWIFT_VERSION = 5.0;
				TARGETED_DEVICE_FAMILY = "1,2";
			};
			name = Debug;
		};
		BACB9A9C2860916300279429 /* Release */ = {
			isa = XCBuildConfiguration;
			buildSettings = {
				ASSETCATALOG_COMPILER_APPICON_NAME = AppIcon;
				ASSETCATALOG_COMPILER_GLOBAL_ACCENT_COLOR_NAME = AccentColor;
				CODE_SIGN_STYLE = Automatic;
				INFOPLIST_FILE = CepAqui/Info.plist;
				LD_RUNPATH_SEARCH_PATHS = (
					"$(inherited)",
					"@executable_path/Frameworks",
				);
				PRODUCT_BUNDLE_IDENTIFIER = com.Mara.CepAqui;
				PRODUCT_NAME = "$(TARGET_NAME)";
				SWIFT_VERSION = 5.0;
				TARGETED_DEVICE_FAMILY = "1,2";
			};
			name = Release;
		};
/* End XCBuildConfiguration section */

/* Begin XCConfigurationList section */
		BACB9A812860915F00279429 /* Build configuration list for PBXProject "CepAqui" */ = {
			isa = XCConfigurationList;
			buildConfigurations = (
				BACB9A982860916300279429 /* Debug */,
				BACB9A992860916300279429 /* Release */,
			);
			defaultConfigurationIsVisible = 0;
			defaultConfigurationName = Release;
		};
		BACB9A9A2860916300279429 /* Build configuration list for PBXNativeTarget "CepAqui" */ = {
			isa = XCConfigurationList;
			buildConfigurations = (
				BACB9A9B2860916300279429 /* Debug */,
				BACB9A9C2860916300279429 /* Release */,
			);
			defaultConfigurationIsVisible = 0;
			defaultConfigurationName = Release;
		};
/* End XCConfigurationList section */
	};
	rootObject = BACB9A7E2860915F00279429 /* Project object */;
}
